
Microsoft Visual Studio Solution File, Format Version 12.00
# Visual Studio Version 17
VisualStudioVersion = 17.12.35514.174 d17.12
MinimumVisualStudioVersion = 10.0.40219.1
Project("{FAE04EC0-301F-11D3-BF4B-00C04F79EFBC}") = "ShoppingCart", "ShoppingCart.csproj", "{B8FE326F-2176-4261-8105-340E1DB331DA}"
EndProject
Global
	GlobalSection(SolutionConfigurationPlatforms) = preSolution
		Debug|Any CPU = Debug|Any CPU
		Release|Any CPU = Release|Any CPU
	EndGlobalSection
	GlobalSection(ProjectConfigurationPlatforms) = postSolution
		{B8FE326F-2176-4261-8105-340E1DB331DA}.Debug|Any CPU.ActiveCfg = Debug|Any CPU
		{B8FE326F-2176-4261-8105-340E1DB331DA}.Debug|Any CPU.Build.0 = Debug|Any CPU
		{B8FE326F-2176-4261-8105-340E1DB331DA}.Release|Any CPU.ActiveCfg = Release|Any CPU
		{B8FE326F-2176-4261-8105-340E1DB331DA}.Release|Any CPU.Build.0 = Release|Any CPU
	EndGlobalSection
	GlobalSection(SolutionProperties) = preSolution
		HideSolutionNode = FALSE
	EndGlobalSection
EndGlobal
